<?xml version="1.0" encoding="utf-8"?>
<Project ToolsVersion="4.0" xmlns="http://schemas.microsoft.com/developer/msbuild/2003">
  <ItemGroup>
    <Filter Include="源文件">
      <UniqueIdentifier>{4FC737F1-C7A5-4376-A066-2A32D752A2FF}</UniqueIdentifier>
      <Extensions>cpp;c;cc;cxx;c++;cppm;ixx;def;odl;idl;hpj;bat;asm;asmx</Extensions>
    </Filter>
    <Filter Include="头文件">
      <UniqueIdentifier>{93995380-89BD-4b04-88EB-625FBE52EBFB}</UniqueIdentifier>
      <Extensions>h;hh;hpp;hxx;h++;hm;inl;inc;ipp;xsd</Extensions>
    </Filter>
    <Filter Include="资源文件">
      <UniqueIdentifier>{67DA6AB6-F800-4c08-8B7A-83BB121AAD01}</UniqueIdentifier>
      <Extensions>rc;ico;cur;bmp;dlg;rc2;rct;bin;rgs;gif;jpg;jpeg;jpe;resx;tiff;tif;png;wav;mfcribbon-ms</Extensions>
    </Filter>
    <Filter Include="Op">
      <UniqueIdentifier>{5db1529f-a509-473e-b79f-073bb3949919}</UniqueIdentifier>
    </Filter>
    <Filter Include="Interception">
      <UniqueIdentifier>{6dafddd7-90ce-4714-9ce4-78967225070e}</UniqueIdentifier>
    </Filter>
  </ItemGroup>
  <ItemGroup>
    <ClCompile Include="墙中人.cpp">
      <Filter>源文件</Filter>
    </ClCompile>
  </ItemGroup>
  <ItemGroup>
    <ClInclude Include="ColorfulConsoleIO.hpp">
      <Filter>头文件</Filter>
    </ClInclude>
    <ClInclude Include="Op\libop.h">
      <Filter>Op</Filter>
    </ClInclude>
    <ClInclude Include="Interception\interception.h">
      <Filter>Interception</Filter>
    </ClInclude>
  </ItemGroup>
  <ItemGroup>
    <None Include="test.dict">
      <Filter>资源文件</Filter>
    </None>
    <None Include="Op\chi_sim.traineddata">
      <Filter>Op</Filter>
    </None>
    <None Include="Op\op_x64.dll">
      <Filter>Op</Filter>
    </None>
    <None Include="Interception\interception.dll">
      <Filter>Interception</Filter>
    </None>
  </ItemGroup>
  <ItemGroup>
    <Library Include="Interception\interception.lib">
      <Filter>Interception</Filter>
    </Library>
  </ItemGroup>
</Project>