<?xml version="1.0" encoding="utf-8"?>
<Project ToolsVersion="4.0" xmlns="http://schemas.microsoft.com/developer/msbuild/2003">
  <ItemGroup>
    <Filter Include="源文件">
      <UniqueIdentifier>{4FC737F1-C7A5-4376-A066-2A32D752A2FF}</UniqueIdentifier>
      <Extensions>cpp;c;cc;cxx;c++;cppm;ixx;def;odl;idl;hpj;bat;asm;asmx</Extensions>
    </Filter>
    <Filter Include="头文件">
      <UniqueIdentifier>{93995380-89BD-4b04-88EB-625FBE52EBFB}</UniqueIdentifier>
      <Extensions>h;hh;hpp;hxx;h++;hm;inl;inc;ipp;xsd</Extensions>
    </Filter>
    <Filter Include="资源文件">
      <UniqueIdentifier>{67DA6AB6-F800-4c08-8B7A-83BB121AAD01}</UniqueIdentifier>
      <Extensions>rc;ico;cur;bmp;dlg;rc2;rct;bin;rgs;gif;jpg;jpeg;jpe;resx;tiff;tif;png;wav;mfcribbon-ms</Extensions>
    </Filter>
    <Filter Include="Op">
      <UniqueIdentifier>{5db1529f-a509-473e-b79f-073bb3949919}</UniqueIdentifier>
    </Filter>
    <Filter Include="Interception">
      <UniqueIdentifier>{6dafddd7-90ce-4714-9ce4-78967225070e}</UniqueIdentifier>
    </Filter>
    <Filter Include="Op\tess_model">
      <UniqueIdentifier>{c577b7bd-c63b-433b-9929-ef90110f4eb9}</UniqueIdentifier>
    </Filter>
    <Filter Include="Op\bin">
      <UniqueIdentifier>{4fac8606-aee3-4b77-9d34-57b948ae20df}</UniqueIdentifier>
    </Filter>
    <Filter Include="Op\bin\x86">
      <UniqueIdentifier>{f169fa37-0338-4957-bd2f-4a4ee61fe68c}</UniqueIdentifier>
    </Filter>
    <Filter Include="Op\bin\x64">
      <UniqueIdentifier>{b983b67c-f882-4a76-9b94-a9976185e012}</UniqueIdentifier>
    </Filter>
  </ItemGroup>
  <ItemGroup>
    <ClCompile Include="墙中人.cpp">
      <Filter>源文件</Filter>
    </ClCompile>
  </ItemGroup>
  <ItemGroup>
    <ClInclude Include="ColorfulConsoleIO.hpp">
      <Filter>头文件</Filter>
    </ClInclude>
    <ClInclude Include="Op\libop.h">
      <Filter>Op</Filter>
    </ClInclude>
    <ClInclude Include="Interception\interception.h">
      <Filter>Interception</Filter>
    </ClInclude>
  </ItemGroup>
  <ItemGroup>
    <None Include="Op\op_x64.dll">
      <Filter>Op</Filter>
    </None>
    <None Include="Interception\interception.dll">
      <Filter>Interception</Filter>
    </None>
    <None Include="Op\tess_model\chi_sim.traineddata">
      <Filter>Op\tess_model</Filter>
    </None>
  </ItemGroup>
  <ItemGroup>
    <Library Include="Interception\interception.lib">
      <Filter>Interception</Filter>
    </Library>
    <Library Include="Op\bin\x86\op_x86.lib">
      <Filter>Op\bin\x86</Filter>
    </Library>
    <Library Include="Op\bin\x86\pyop.lib">
      <Filter>Op\bin\x86</Filter>
    </Library>
    <Library Include="Op\bin\x64\op_x64.lib">
      <Filter>Op\bin\x64</Filter>
    </Library>
    <Library Include="Op\bin\x64\pyop.lib">
      <Filter>Op\bin\x64</Filter>
    </Library>
    <Library Include="Op\bin\x64\tools.lib">
      <Filter>Op\bin\x64</Filter>
    </Library>
    <Library Include="Op\bin\x86\tools.lib">
      <Filter>Op\bin\x86</Filter>
    </Library>
  </ItemGroup>
</Project>